
Microsoft Visual Studio Solution File, Format Version 12.00
# Visual Studio Version 17
VisualStudioVersion = 17.2.32630.192
MinimumVisualStudioVersion = 10.0.40219.1
Project("{FAE04EC0-301F-11D3-BF4B-00C04F79EFBC}") = "PartnerWebApp", "PartnerWebApp\PartnerWebApp.csproj", "{04CF66DC-716A-4AED-98D6-3E7918116C74}"
EndProject
Global
	GlobalSection(SolutionConfigurationPlatforms) = preSolution
		Debug|Any CPU = Debug|Any CPU
		Release|Any CPU = Release|Any CPU
	EndGlobalSection
	GlobalSection(ProjectConfigurationPlatforms) = postSolution
		{04CF66DC-716A-4AED-98D6-3E7918116C74}.Debug|Any CPU.ActiveCfg = Debug|Any CPU
		{04CF66DC-716A-4AED-98D6-3E7918116C74}.Debug|Any CPU.Build.0 = Debug|Any CPU
		{04CF66DC-716A-4AED-98D6-3E7918116C74}.Release|Any CPU.ActiveCfg = Release|Any CPU
		{04CF66DC-716A-4AED-98D6-3E7918116C74}.Release|Any CPU.Build.0 = Release|Any CPU
	EndGlobalSection
	GlobalSection(SolutionProperties) = preSolution
		HideSolutionNode = FALSE
	EndGlobalSection
	GlobalSection(ExtensibilityGlobals) = postSolution
		SolutionGuid = {197C2E49-9570-4F64-83C2-D8565F6CDA0A}
	EndGlobalSection
EndGlobal
